// !$*UTF8*$!
{
	archiveVersion = 1;
	classes = {
	};
	objectVersion = 46;
	objects = {

/* Begin PBXBuildFile section */
		3F578DD61F641FE200F5B3F5 /* main.m in Sources */ = {isa = PBXBuildFile; fileRef = 3F578DD51F641FE200F5B3F5 /* main.m */; };
		3F578DD91F641FE200F5B3F5 /* AppDelegate.m in Sources */ = {isa = PBXBuildFile; fileRef = 3F578DD81F641FE200F5B3F5 /* AppDelegate.m */; };
		3F578DDC1F641FE200F5B3F5 /* ViewController.m in Sources */ = {isa = PBXBuildFile; fileRef = 3F578DDB1F641FE200F5B3F5 /* ViewController.m */; };
		3F578DDF1F641FE200F5B3F5 /* Main.storyboard in Resources */ = {isa = PBXBuildFile; fileRef = 3F578DDD1F641FE200F5B3F5 /* Main.storyboard */; };
		3F578DE21F641FE200F5B3F5 /* BRN_Obj_c.xcdatamodeld in Sources */ = {isa = PBXBuildFile; fileRef = 3F578DE01F641FE200F5B3F5 /* BRN_Obj_c.xcdatamodeld */; };
		3F578DE41F641FE200F5B3F5 /* Assets.xcassets in Resources */ = {isa = PBXBuildFile; fileRef = 3F578DE31F641FE200F5B3F5 /* Assets.xcassets */; };
		3F578DE71F641FE300F5B3F5 /* LaunchScreen.storyboard in Resources */ = {isa = PBXBuildFile; fileRef = 3F578DE51F641FE200F5B3F5 /* LaunchScreen.storyboard */; };
/* End PBXBuildFile section */

/* Begin PBXFileReference section */
		3F578DD11F641FE200F5B3F5 /* BRN_Obj-c.app */ = {isa = PBXFileReference; explicitFileType = wrapper.application; includeInIndex = 0; path = "BRN_Obj-c.app"; sourceTree = BUILT_PRODUCTS_DIR; };
		3F578DD51F641FE200F5B3F5 /* main.m */ = {isa = PBXFileReference; lastKnownFileType = sourcecode.c.objc; path = main.m; sourceTree = "<group>"; };
		3F578DD71F641FE200F5B3F5 /* AppDelegate.h */ = {isa = PBXFileReference; lastKnownFileType = sourcecode.c.h; path = AppDelegate.h; sourceTree = "<group>"; };
		3F578DD81F641FE200F5B3F5 /* AppDelegate.m */ = {isa = PBXFileReference; lastKnownFileType = sourcecode.c.objc; path = AppDelegate.m; sourceTree = "<group>"; };
		3F578DDA1F641FE200F5B3F5 /* ViewController.h */ = {isa = PBXFileReference; lastKnownFileType = sourcecode.c.h; path = ViewController.h; sourceTree = "<group>"; };
		3F578DDB1F641FE200F5B3F5 /* ViewController.m */ = {isa = PBXFileReference; lastKnownFileType = sourcecode.c.objc; path = ViewController.m; sourceTree = "<group>"; };
		3F578DDE1F641FE200F5B3F5 /* Base */ = {isa = PBXFileReference; lastKnownFileType = file.storyboard; name = Base; path = Base.lproj/Main.storyboard; sourceTree = "<group>"; };
		3F578DE11F641FE200F5B3F5 /* BRN_Obj_c.xcdatamodel */ = {isa = PBXFileReference; lastKnownFileType = wrapper.xcdatamodel; path = BRN_Obj_c.xcdatamodel; sourceTree = "<group>"; };
		3F578DE31F641FE200F5B3F5 /* Assets.xcassets */ = {isa = PBXFileReference; lastKnownFileType = folder.assetcatalog; path = Assets.xcassets; sourceTree = "<group>"; };
		3F578DE61F641FE200F5B3F5 /* Base */ = {isa = PBXFileReference; lastKnownFileType = file.storyboard; name = Base; path = Base.lproj/LaunchScreen.storyboard; sourceTree = "<group>"; };
		3F578DE81F641FE300F5B3F5 /* Info.plist */ = {isa = PBXFileReference; lastKnownFileType = text.plist.xml; path = Info.plist; sourceTree = "<group>"; };
/* End PBXFileReference section */

/* Begin PBXFrameworksBuildPhase section */
		3F578DCE1F641FE200F5B3F5 /* Frameworks */ = {
			isa = PBXFrameworksBuildPhase;
			buildActionMask = 2147483647;
			files = (
			);
			runOnlyForDeploymentPostprocessing = 0;
		};
/* End PBXFrameworksBuildPhase section */

/* Begin PBXGroup section */
		3F578DC81F641FE200F5B3F5 = {
			isa = PBXGroup;
			children = (
				3F578DD31F641FE200F5B3F5 /* BRN_Obj-c */,
				3F578DD21F641FE200F5B3F5 /* Products */,
			);
			sourceTree = "<group>";
		};
		3F578DD21F641FE200F5B3F5 /* Products */ = {
			isa = PBXGroup;
			children = (
				3F578DD11F641FE200F5B3F5 /* BRN_Obj-c.app */,
			);
			name = Products;
			sourceTree = "<group>";
		};
		3F578DD31F641FE200F5B3F5 /* BRN_Obj-c */ = {
			isa = PBXGroup;
			children = (
				3F578DEF1F64205100F5B3F5 /* Model */,
				3F578DEE1F64203B00F5B3F5 /* ViewController */,
				3F578DF11F64208B00F5B3F5 /* Resources */,
				3F578DF01F64206600F5B3F5 /* StoryBoard */,
				3F578DD41F641FE200F5B3F5 /* Supporting Files */,
				3F578DE01F641FE200F5B3F5 /* BRN_Obj_c.xcdatamodeld */,
			);
			path = "BRN_Obj-c";
			sourceTree = "<group>";
		};
		3F578DD41F641FE200F5B3F5 /* Supporting Files */ = {
			isa = PBXGroup;
			children = (
				3F578DE81F641FE300F5B3F5 /* Info.plist */,
				3F578DD51F641FE200F5B3F5 /* main.m */,
			);
			name = "Supporting Files";
			sourceTree = "<group>";
		};
		3F578DEE1F64203B00F5B3F5 /* ViewController */ = {
			isa = PBXGroup;
			children = (
				3F578DDA1F641FE200F5B3F5 /* ViewController.h */,
				3F578DDB1F641FE200F5B3F5 /* ViewController.m */,
			);
			name = ViewController;
			sourceTree = "<group>";
		};
		3F578DEF1F64205100F5B3F5 /* Model */ = {
			isa = PBXGroup;
			children = (
				3F578DD71F641FE200F5B3F5 /* AppDelegate.h */,
				3F578DD81F641FE200F5B3F5 /* AppDelegate.m */,
			);
			name = Model;
			sourceTree = "<group>";
		};
		3F578DF01F64206600F5B3F5 /* StoryBoard */ = {
			isa = PBXGroup;
			children = (
				3F578DDD1F641FE200F5B3F5 /* Main.storyboard */,
				3F578DE51F641FE200F5B3F5 /* LaunchScreen.storyboard */,
			);
			name = StoryBoard;
			sourceTree = "<group>";
		};
		3F578DF11F64208B00F5B3F5 /* Resources */ = {
			isa = PBXGroup;
			children = (
				3F578DE31F641FE200F5B3F5 /* Assets.xcassets */,
			);
			name = Resources;
			sourceTree = "<group>";
		};
/* End PBXGroup section */

/* Begin PBXNativeTarget section */
		3F578DD01F641FE200F5B3F5 /* BRN_Obj-c */ = {
			isa = PBXNativeTarget;
			buildConfigurationList = 3F578DEB1F641FE300F5B3F5 /* Build configuration list for PBXNativeTarget "BRN_Obj-c" */;
			buildPhases = (
				3F578DCD1F641FE200F5B3F5 /* Sources */,
				3F578DCE1F641FE200F5B3F5 /* Frameworks */,
				3F578DCF1F641FE200F5B3F5 /* Resources */,
			);
			buildRules = (
			);
			dependencies = (
			);
			name = "BRN_Obj-c";
			productName = "BRN_Obj-c";
			productReference = 3F578DD11F641FE200F5B3F5 /* BRN_Obj-c.app */;
			productType = "com.apple.product-type.application";
		};
/* End PBXNativeTarget section */

/* Begin PBXProject section */
		3F578DC91F641FE200F5B3F5 /* Project object */ = {
			isa = PBXProject;
			attributes = {
				LastUpgradeCheck = 0830;
				ORGANIZATIONNAME = RGV;
				TargetAttributes = {
					3F578DD01F641FE200F5B3F5 = {
						CreatedOnToolsVersion = 8.3.2;
						ProvisioningStyle = Automatic;
					};
				};
			};
			buildConfigurationList = 3F578DCC1F641FE200F5B3F5 /* Build configuration list for PBXProject "BRN_Obj-c" */;
			compatibilityVersion = "Xcode 3.2";
			developmentRegion = English;
			hasScannedForEncodings = 0;
			knownRegions = (
				en,
				Base,
			);
			mainGroup = 3F578DC81F641FE200F5B3F5;
			productRefGroup = 3F578DD21F641FE200F5B3F5 /* Products */;
			projectDirPath = "";
			projectRoot = "";
			targets = (
				3F578DD01F641FE200F5B3F5 /* BRN_Obj-c */,
			);
		};
/* End PBXProject section */

/* Begin PBXResourcesBuildPhase section */
		3F578DCF1F641FE200F5B3F5 /* Resources */ = {
			isa = PBXResourcesBuildPhase;
			buildActionMask = 2147483647;
			files = (
				3F578DE71F641FE300F5B3F5 /* LaunchScreen.storyboard in Resources */,
				3F578DE41F641FE200F5B3F5 /* Assets.xcassets in Resources */,
				3F578DDF1F641FE200F5B3F5 /* Main.storyboard in Resources */,
			);
			runOnlyForDeploymentPostprocessing = 0;
		};
/* End PBXResourcesBuildPhase section */

/* Begin PBXSourcesBuildPhase section */
		3F578DCD1F641FE200F5B3F5 /* Sources */ = {
			isa = PBXSourcesBuildPhase;
			buildActionMask = 2147483647;
			files = (
				3F578DE21F641FE200F5B3F5 /* BRN_Obj_c.xcdatamodeld in Sources */,
				3F578DDC1F641FE200F5B3F5 /* ViewController.m in Sources */,
				3F578DD91F641FE200F5B3F5 /* AppDelegate.m in Sources */,
				3F578DD61F641FE200F5B3F5 /* main.m in Sources */,
			);
			runOnlyForDeploymentPostprocessing = 0;
		};
/* End PBXSourcesBuildPhase section */

/* Begin PBXVariantGroup section */
		3F578DDD1F641FE200F5B3F5 /* Main.storyboard */ = {
			isa = PBXVariantGroup;
			children = (
				3F578DDE1F641FE200F5B3F5 /* Base */,
			);
			name = Main.storyboard;
			sourceTree = "<group>";
		};
		3F578DE51F641FE200F5B3F5 /* LaunchScreen.storyboard */ = {
			isa = PBXVariantGroup;
			children = (
				3F578DE61F641FE200F5B3F5 /* Base */,
			);
			name = LaunchScreen.storyboard;
			sourceTree = "<group>";
		};
/* End PBXVariantGroup section */

/* Begin XCBuildConfiguration section */
		3F578DE91F641FE300F5B3F5 /* Debug */ = {
			isa = XCBuildConfiguration;
			buildSettings = {
				ALWAYS_SEARCH_USER_PATHS = NO;
				CLANG_ANALYZER_NONNULL = YES;
				CLANG_ANALYZER_NUMBER_OBJECT_CONVERSION = YES_AGGRESSIVE;
				CLANG_CXX_LANGUAGE_STANDARD = "gnu++0x";
				CLANG_CXX_LIBRARY = "libc++";
				CLANG_ENABLE_MODULES = YES;
				CLANG_ENABLE_OBJC_ARC = YES;
				CLANG_WARN_BOOL_CONVERSION = YES;
				CLANG_WARN_CONSTANT_CONVERSION = YES;
				CLANG_WARN_DIRECT_OBJC_ISA_USAGE = YES_ERROR;
				CLANG_WARN_DOCUMENTATION_COMMENTS = YES;
				CLANG_WARN_EMPTY_BODY = YES;
				CLANG_WARN_ENUM_CONVERSION = YES;
				CLANG_WARN_INFINITE_RECURSION = YES;
				CLANG_WARN_INT_CONVERSION = YES;
				CLANG_WARN_OBJC_ROOT_CLASS = YES_ERROR;
				CLANG_WARN_SUSPICIOUS_MOVE = YES;
				CLANG_WARN_UNREACHABLE_CODE = YES;
				CLANG_WARN__DUPLICATE_METHOD_MATCH = YES;
				"CODE_SIGN_IDENTITY[sdk=iphoneos*]" = "iPhone Developer";
				COPY_PHASE_STRIP = NO;
				DEBUG_INFORMATION_FORMAT = dwarf;
				ENABLE_STRICT_OBJC_MSGSEND = YES;
				ENABLE_TESTABILITY = YES;
				GCC_C_LANGUAGE_STANDARD = gnu99;
				GCC_DYNAMIC_NO_PIC = NO;
				GCC_NO_COMMON_BLOCKS = YES;
				GCC_OPTIMIZATION_LEVEL = 0;
				GCC_PREPROCESSOR_DEFINITIONS = (
					"DEBUG=1",
					"$(inherited)",
				);
				GCC_WARN_64_TO_32_BIT_CONVERSION = YES;
				GCC_WARN_ABOUT_RETURN_TYPE = YES_ERROR;
				GCC_WARN_UNDECLARED_SELECTOR = YES;
				GCC_WARN_UNINITIALIZED_AUTOS = YES_AGGRESSIVE;
				GCC_WARN_UNUSED_FUNCTION = YES;
				GCC_WARN_UNUSED_VARIABLE = YES;
				IPHONEOS_DEPLOYMENT_TARGET = 10.3;
				MTL_ENABLE_DEBUG_INFO = YES;
				ONLY_ACTIVE_ARCH = YES;
				SDKROOT = iphoneos;
				TARGETED_DEVICE_FAMILY = "1,2";
			};
			name = Debug;
		};
		3F578DEA1F641FE300F5B3F5 /* Release */ = {
			isa = XCBuildConfiguration;
			buildSettings = {
				ALWAYS_SEARCH_USER_PATHS = NO;
				CLANG_ANALYZER_NONNULL = YES;
				CLANG_ANALYZER_NUMBER_OBJECT_CONVERSION = YES_AGGRESSIVE;
				CLANG_CXX_LANGUAGE_STANDARD = "gnu++0x";
				CLANG_CXX_LIBRARY = "libc++";
				CLANG_ENABLE_MODULES = YES;
				CLANG_ENABLE_OBJC_ARC = YES;
				CLANG_WARN_BOOL_CONVERSION = YES;
				CLANG_WARN_CONSTANT_CONVERSION = YES;
				CLANG_WARN_DIRECT_OBJC_ISA_USAGE = YES_ERROR;
				CLANG_WARN_DOCUMENTATION_COMMENTS = YES;
				CLANG_WARN_EMPTY_BODY = YES;
				CLANG_WARN_ENUM_CONVERSION = YES;
				CLANG_WARN_INFINITE_RECURSION = YES;
				CLANG_WARN_INT_CONVERSION = YES;
				CLANG_WARN_OBJC_ROOT_CLASS = YES_ERROR;
				CLANG_WARN_SUSPICIOUS_MOVE = YES;
				CLANG_WARN_UNREACHABLE_CODE = YES;
				CLANG_WARN__DUPLICATE_METHOD_MATCH = YES;
				"CODE_SIGN_IDENTITY[sdk=iphoneos*]" = "iPhone Developer";
				COPY_PHASE_STRIP = NO;
				DEBUG_INFORMATION_FORMAT = "dwarf-with-dsym";
				ENABLE_NS_ASSERTIONS = NO;
				ENABLE_STRICT_OBJC_MSGSEND = YES;
				GCC_C_LANGUAGE_STANDARD = gnu99;
				GCC_NO_COMMON_BLOCKS = YES;
				GCC_WARN_64_TO_32_BIT_CONVERSION = YES;
				GCC_WARN_ABOUT_RETURN_TYPE = YES_ERROR;
				GCC_WARN_UNDECLARED_SELECTOR = YES;
				GCC_WARN_UNINITIALIZED_AUTOS = YES_AGGRESSIVE;
				GCC_WARN_UNUSED_FUNCTION = YES;
				GCC_WARN_UNUSED_VARIABLE = YES;
				IPHONEOS_DEPLOYMENT_TARGET = 10.3;
				MTL_ENABLE_DEBUG_INFO = NO;
				SDKROOT = iphoneos;
				TARGETED_DEVICE_FAMILY = "1,2";
				VALIDATE_PRODUCT = YES;
			};
			name = Release;
		};
		3F578DEC1F641FE300F5B3F5 /* Debug */ = {
			isa = XCBuildConfiguration;
			buildSettings = {
				ASSETCATALOG_COMPILER_APPICON_NAME = AppIcon;
				INFOPLIST_FILE = "BRN_Obj-c/Info.plist";
				LD_RUNPATH_SEARCH_PATHS = "$(inherited) @executable_path/Frameworks";
				PRODUCT_BUNDLE_IDENTIFIER = "BRNInfotech.BRN-Obj-c";
				PRODUCT_NAME = "$(TARGET_NAME)";
			};
			name = Debug;
		};
		3F578DED1F641FE300F5B3F5 /* Release */ = {
			isa = XCBuildConfiguration;
			buildSettings = {
				ASSETCATALOG_COMPILER_APPICON_NAME = AppIcon;
				INFOPLIST_FILE = "BRN_Obj-c/Info.plist";
				LD_RUNPATH_SEARCH_PATHS = "$(inherited) @executable_path/Frameworks";
				PRODUCT_BUNDLE_IDENTIFIER = "BRNInfotech.BRN-Obj-c";
				PRODUCT_NAME = "$(TARGET_NAME)";
			};
			name = Release;
		};
/* End XCBuildConfiguration section */

/* Begin XCConfigurationList section */
		3F578DCC1F641FE200F5B3F5 /* Build configuration list for PBXProject "BRN_Obj-c" */ = {
			isa = XCConfigurationList;
			buildConfigurations = (
				3F578DE91F641FE300F5B3F5 /* Debug */,
				3F578DEA1F641FE300F5B3F5 /* Release */,
			);
			defaultConfigurationIsVisible = 0;
			defaultConfigurationName = Release;
		};
		3F578DEB1F641FE300F5B3F5 /* Build configuration list for PBXNativeTarget "BRN_Obj-c" */ = {
			isa = XCConfigurationList;
			buildConfigurations = (
				3F578DEC1F641FE300F5B3F5 /* Debug */,
				3F578DED1F641FE300F5B3F5 /* Release */,
			);
			defaultConfigurationIsVisible = 0;
		};
/* End XCConfigurationList section */

/* Begin XCVersionGroup section */
		3F578DE01F641FE200F5B3F5 /* BRN_Obj_c.xcdatamodeld */ = {
			isa = XCVersionGroup;
			children = (
				3F578DE11F641FE200F5B3F5 /* BRN_Obj_c.xcdatamodel */,
			);
			currentVersion = 3F578DE11F641FE200F5B3F5 /* BRN_Obj_c.xcdatamodel */;
			path = BRN_Obj_c.xcdatamodeld;
			sourceTree = "<group>";
			versionGroupType = wrapper.xcdatamodel;
		};
/* End XCVersionGroup section */
	};
	rootObject = 3F578DC91F641FE200F5B3F5 /* Project object */;
}
